
Microsoft Visual Studio Solution File, Format Version 12.00
# Visual Studio Version 17
VisualStudioVersion = 17.13.35818.85
MinimumVisualStudioVersion = 10.0.40219.1
Project("{FAE04EC0-301F-11D3-BF4B-00C04F79EFBC}") = "SmsGeneratorApp", "SmsGeneratorApp\SmsGeneratorApp.csproj", "{D7108B7A-8973-40AD-BB8A-6E8451A243ED}"
EndProject
Global
	GlobalSection(SolutionConfigurationPlatforms) = preSolution
		Debug|Any CPU = Debug|Any CPU
		Release|Any CPU = Release|Any CPU
	EndGlobalSection
	GlobalSection(ProjectConfigurationPlatforms) = postSolution
		{D7108B7A-8973-40AD-BB8A-6E8451A243ED}.Debug|Any CPU.ActiveCfg = Debug|Any CPU
		{D7108B7A-8973-40AD-BB8A-6E8451A243ED}.Debug|Any CPU.Build.0 = Debug|Any CPU
		{D7108B7A-8973-40AD-BB8A-6E8451A243ED}.Release|Any CPU.ActiveCfg = Release|Any CPU
		{D7108B7A-8973-40AD-BB8A-6E8451A243ED}.Release|Any CPU.Build.0 = Release|Any CPU
	EndGlobalSection
	GlobalSection(SolutionProperties) = preSolution
		HideSolutionNode = FALSE
	EndGlobalSection
	GlobalSection(ExtensibilityGlobals) = postSolution
		SolutionGuid = {2DA8FDB8-C449-40D1-B392-085EDDE1BC15}
	EndGlobalSection
EndGlobal
