
Microsoft Visual Studio Solution File, Format Version 12.00
# Visual Studio Version 17
VisualStudioVersion = 17.13.35818.85 d17.13
MinimumVisualStudioVersion = 10.0.40219.1
Project("{FAE04EC0-301F-11D3-BF4B-00C04F79EFBC}") = "SmsGenerator", "SmsGenerator\SmsGenerator.csproj", "{5FE2DC73-5826-4AE4-83BC-4A04BC1B3E61}"
EndProject
Global
	GlobalSection(SolutionConfigurationPlatforms) = preSolution
		Debug|Any CPU = Debug|Any CPU
		Release|Any CPU = Release|Any CPU
	EndGlobalSection
	GlobalSection(ProjectConfigurationPlatforms) = postSolution
		{5FE2DC73-5826-4AE4-83BC-4A04BC1B3E61}.Debug|Any CPU.ActiveCfg = Debug|Any CPU
		{5FE2DC73-5826-4AE4-83BC-4A04BC1B3E61}.Debug|Any CPU.Build.0 = Debug|Any CPU
		{5FE2DC73-5826-4AE4-83BC-4A04BC1B3E61}.Release|Any CPU.ActiveCfg = Release|Any CPU
		{5FE2DC73-5826-4AE4-83BC-4A04BC1B3E61}.Release|Any CPU.Build.0 = Release|Any CPU
	EndGlobalSection
	GlobalSection(SolutionProperties) = preSolution
		HideSolutionNode = FALSE
	EndGlobalSection
	GlobalSection(ExtensibilityGlobals) = postSolution
		SolutionGuid = {2DA8FDB8-C449-40D1-B392-085EDDE1BC15}
	EndGlobalSection
EndGlobal
